{
  "name": "my-js-bot",
  "version": "1.0.0",
  "lockfileVersion": 3,
  "requires": true,
  "packages": {
    "": {
      "name": "my-js-bot",
      "version": "1.0.0",
      "dependencies": {
        "my-js-bot": "file:"
      }
    },
    "node_modules/my-js-bot": {
      "resolved": "",
      "link": true
    }
  }
}
